
Microsoft Visual Studio Solution File, Format Version 12.00
# Visual Studio Version 18
VisualStudioVersion = 18.8.12009.203 stable
MinimumVisualStudioVersion = 10.0.40219.1
Project("{FAE04EC0-301F-11D3-BF4B-00C04F79EFBC}") = "NijiCalculator", "NijiCalculator.csproj", "{7C9DEC77-834D-EA36-1403-900A3714C21C}"
EndProject
Global
	GlobalSection(SolutionConfigurationPlatforms) = preSolution
		Debug|Any CPU = Debug|Any CPU
		Release|Any CPU = Release|Any CPU
	EndGlobalSection
	GlobalSection(ProjectConfigurationPlatforms) = postSolution
		{7C9DEC77-834D-EA36-1403-900A3714C21C}.Debug|Any CPU.ActiveCfg = Debug|Any CPU
		{7C9DEC77-834D-EA36-1403-900A3714C21C}.Debug|Any CPU.Build.0 = Debug|Any CPU
		{7C9DEC77-834D-EA36-1403-900A3714C21C}.Release|Any CPU.ActiveCfg = Release|Any CPU
		{7C9DEC77-834D-EA36-1403-900A3714C21C}.Release|Any CPU.Build.0 = Release|Any CPU
	EndGlobalSection
	GlobalSection(SolutionProperties) = preSolution
		HideSolutionNode = FALSE
	EndGlobalSection
	GlobalSection(ExtensibilityGlobals) = postSolution
		SolutionGuid = {CCEA42B5-CE2C-4900-94FE-EB8C86AE1DD4}
	EndGlobalSection
EndGlobal
